// !$*UTF8*$!
{
	archiveVersion = 1;
	classes = {
	};
	objectVersion = 50;
	objects = {

/* Begin PBXBuildFile section */
		961B5F0A2147A9BD00067B6E /* ResultTests.swift in Sources */ = {isa = PBXBuildFile; fileRef = 961B5F092147A9BD00067B6E /* ResultTests.swift */; };
		961F547E213F9FC600665150 /* StringValueMatchRule.swift in Sources */ = {isa = PBXBuildFile; fileRef = 961F547D213F9FC600665150 /* StringValueMatchRule.swift */; };
		961F5480213FB35700665150 /* PaymentCardRule.swift in Sources */ = {isa = PBXBuildFile; fileRef = 961F547F213FB35700665150 /* PaymentCardRule.swift */; };
		961F548221400F6900665150 /* PaymentCardType.swift in Sources */ = {isa = PBXBuildFile; fileRef = 961F548121400F6900665150 /* PaymentCardType.swift */; };
		96248FCC214906AE00FB1D75 /* EqualityRuleTests.swift in Sources */ = {isa = PBXBuildFile; fileRef = 96248FCB214906AE00FB1D75 /* EqualityRuleTests.swift */; };
		96248FCE2149164A00FB1D75 /* RangeRuleTests.swift in Sources */ = {isa = PBXBuildFile; fileRef = 96248FCD2149164A00FB1D75 /* RangeRuleTests.swift */; };
		96248FD0214919E100FB1D75 /* StringLengthRuleTests.swift in Sources */ = {isa = PBXBuildFile; fileRef = 96248FCF214919E100FB1D75 /* StringLengthRuleTests.swift */; };
		9625E936213D2813003FB353 /* FormValidator.swift in Sources */ = {isa = PBXBuildFile; fileRef = 9625E935213D2813003FB353 /* FormValidator.swift */; };
		96295A13214FB54E009B20D4 /* StringValueMatchRuleTests.swift in Sources */ = {isa = PBXBuildFile; fileRef = 96295A12214FB54E009B20D4 /* StringValueMatchRuleTests.swift */; };
		96295A15214FC527009B20D4 /* PaymentCardTypeTests.swift in Sources */ = {isa = PBXBuildFile; fileRef = 96295A14214FC527009B20D4 /* PaymentCardTypeTests.swift */; };
		96295A17214FE60A009B20D4 /* PaymentCardRuleTests.swift in Sources */ = {isa = PBXBuildFile; fileRef = 96295A16214FE60A009B20D4 /* PaymentCardRuleTests.swift */; };
		962B15992147D86E002B9E15 /* ValidatableTests.swift in Sources */ = {isa = PBXBuildFile; fileRef = 962B15982147D86E002B9E15 /* ValidatableTests.swift */; };
		962B159D2147F8BA002B9E15 /* FormValidatorTests.swift in Sources */ = {isa = PBXBuildFile; fileRef = 962B159C2147F8BA002B9E15 /* FormValidatorTests.swift */; };
		964F78112136B750004A6017 /* ATGValidator.framework in Frameworks */ = {isa = PBXBuildFile; fileRef = 964F78072136B750004A6017 /* ATGValidator.framework */; };
		964F78162136B750004A6017 /* ATGValidatorTests.swift in Sources */ = {isa = PBXBuildFile; fileRef = 964F78152136B750004A6017 /* ATGValidatorTests.swift */; };
		964F78182136B750004A6017 /* ATGValidator.h in Headers */ = {isa = PBXBuildFile; fileRef = 964F780A2136B750004A6017 /* ATGValidator.h */; settings = {ATTRIBUTES = (Public, ); }; };
		96524490213E80E800EE298B /* UITextView+ATGValidator.swift in Sources */ = {isa = PBXBuildFile; fileRef = 9652448F213E80E800EE298B /* UITextView+ATGValidator.swift */; };
		96524494213EAFFD00EE298B /* EqualityRule.swift in Sources */ = {isa = PBXBuildFile; fileRef = 96524493213EAFFD00EE298B /* EqualityRule.swift */; };
		96524496213EB1AD00EE298B /* ValidationError.swift in Sources */ = {isa = PBXBuildFile; fileRef = 96524495213EB1AD00EE298B /* ValidationError.swift */; };
		9652449B213EB7B800EE298B /* RangeRule.swift in Sources */ = {isa = PBXBuildFile; fileRef = 9652449A213EB7B800EE298B /* RangeRule.swift */; };
		9652449D213EC2F900EE298B /* StringRegexRule.swift in Sources */ = {isa = PBXBuildFile; fileRef = 9652449C213EC2F900EE298B /* StringRegexRule.swift */; };
		96554D19213807BB0089FF5C /* Result.swift in Sources */ = {isa = PBXBuildFile; fileRef = 96554D16213807BB0089FF5C /* Result.swift */; };
		96554D1A213807BB0089FF5C /* Rule.swift in Sources */ = {isa = PBXBuildFile; fileRef = 96554D18213807BB0089FF5C /* Rule.swift */; };
		96554D1E213807FD0089FF5C /* Validatable.swift in Sources */ = {isa = PBXBuildFile; fileRef = 96554D1C213807FD0089FF5C /* Validatable.swift */; };
		96554D30213808A40089FF5C /* StringLengthRule.swift in Sources */ = {isa = PBXBuildFile; fileRef = 96554D2F213808A40089FF5C /* StringLengthRule.swift */; };
		96554D34213824C90089FF5C /* ValidatorCache.swift in Sources */ = {isa = PBXBuildFile; fileRef = 96554D33213824C90089FF5C /* ValidatorCache.swift */; };
		96554D36213825370089FF5C /* ValidatableInterface.swift in Sources */ = {isa = PBXBuildFile; fileRef = 96554D35213825370089FF5C /* ValidatableInterface.swift */; };
		96554D382138257A0089FF5C /* UITextField+ATGValidator.swift in Sources */ = {isa = PBXBuildFile; fileRef = 96554D372138257A0089FF5C /* UITextField+ATGValidator.swift */; };
		9658BA18214107B600DADE29 /* CharacterSetRule.swift in Sources */ = {isa = PBXBuildFile; fileRef = 9658BA17214107B600DADE29 /* CharacterSetRule.swift */; };
		966BD44C214E445500F7CC2A /* StringRegexRuleTests.swift in Sources */ = {isa = PBXBuildFile; fileRef = 966BD44B214E445500F7CC2A /* StringRegexRuleTests.swift */; };
		96D50077214E75FF00F1E60E /* CharacterSetRuleTests.swift in Sources */ = {isa = PBXBuildFile; fileRef = 96D50076214E75FF00F1E60E /* CharacterSetRuleTests.swift */; };
		98955A1E21D20F7D0017499B /* RuleTests.swift in Sources */ = {isa = PBXBuildFile; fileRef = 98955A1D21D20F7D0017499B /* RuleTests.swift */; };
/* End PBXBuildFile section */

/* Begin PBXContainerItemProxy section */
		964F78122136B750004A6017 /* PBXContainerItemProxy */ = {
			isa = PBXContainerItemProxy;
			containerPortal = 964F77FE2136B750004A6017 /* Project object */;
			proxyType = 1;
			remoteGlobalIDString = 964F78062136B750004A6017;
			remoteInfo = ATGValidator;
		};
/* End PBXContainerItemProxy section */

/* Begin PBXFileReference section */
		961B5F092147A9BD00067B6E /* ResultTests.swift */ = {isa = PBXFileReference; lastKnownFileType = sourcecode.swift; path = ResultTests.swift; sourceTree = "<group>"; };
		961F547D213F9FC600665150 /* StringValueMatchRule.swift */ = {isa = PBXFileReference; fileEncoding = 4; lastKnownFileType = sourcecode.swift; path = StringValueMatchRule.swift; sourceTree = "<group>"; };
		961F547F213FB35700665150 /* PaymentCardRule.swift */ = {isa = PBXFileReference; lastKnownFileType = sourcecode.swift; path = PaymentCardRule.swift; sourceTree = "<group>"; };
		961F548121400F6900665150 /* PaymentCardType.swift */ = {isa = PBXFileReference; lastKnownFileType = sourcecode.swift; path = PaymentCardType.swift; sourceTree = "<group>"; };
		96248FCB214906AE00FB1D75 /* EqualityRuleTests.swift */ = {isa = PBXFileReference; lastKnownFileType = sourcecode.swift; path = EqualityRuleTests.swift; sourceTree = "<group>"; };
		96248FCD2149164A00FB1D75 /* RangeRuleTests.swift */ = {isa = PBXFileReference; lastKnownFileType = sourcecode.swift; path = RangeRuleTests.swift; sourceTree = "<group>"; };
		96248FCF214919E100FB1D75 /* StringLengthRuleTests.swift */ = {isa = PBXFileReference; lastKnownFileType = sourcecode.swift; path = StringLengthRuleTests.swift; sourceTree = "<group>"; };
		9625E935213D2813003FB353 /* FormValidator.swift */ = {isa = PBXFileReference; lastKnownFileType = sourcecode.swift; path = FormValidator.swift; sourceTree = "<group>"; };
		96295A12214FB54E009B20D4 /* StringValueMatchRuleTests.swift */ = {isa = PBXFileReference; lastKnownFileType = sourcecode.swift; path = StringValueMatchRuleTests.swift; sourceTree = "<group>"; };
		96295A14214FC527009B20D4 /* PaymentCardTypeTests.swift */ = {isa = PBXFileReference; lastKnownFileType = sourcecode.swift; path = PaymentCardTypeTests.swift; sourceTree = "<group>"; };
		96295A16214FE60A009B20D4 /* PaymentCardRuleTests.swift */ = {isa = PBXFileReference; lastKnownFileType = sourcecode.swift; path = PaymentCardRuleTests.swift; sourceTree = "<group>"; };
		962B15982147D86E002B9E15 /* ValidatableTests.swift */ = {isa = PBXFileReference; lastKnownFileType = sourcecode.swift; path = ValidatableTests.swift; sourceTree = "<group>"; };
		962B159C2147F8BA002B9E15 /* FormValidatorTests.swift */ = {isa = PBXFileReference; lastKnownFileType = sourcecode.swift; path = FormValidatorTests.swift; sourceTree = "<group>"; };
		964F78072136B750004A6017 /* ATGValidator.framework */ = {isa = PBXFileReference; explicitFileType = wrapper.framework; includeInIndex = 0; path = ATGValidator.framework; sourceTree = BUILT_PRODUCTS_DIR; };
		964F780A2136B750004A6017 /* ATGValidator.h */ = {isa = PBXFileReference; lastKnownFileType = sourcecode.c.h; path = ATGValidator.h; sourceTree = "<group>"; };
		964F780B2136B750004A6017 /* Info.plist */ = {isa = PBXFileReference; lastKnownFileType = text.plist.xml; path = Info.plist; sourceTree = "<group>"; };
		964F78102136B750004A6017 /* ATGValidatorTests.xctest */ = {isa = PBXFileReference; explicitFileType = wrapper.cfbundle; includeInIndex = 0; path = ATGValidatorTests.xctest; sourceTree = BUILT_PRODUCTS_DIR; };
		964F78152136B750004A6017 /* ATGValidatorTests.swift */ = {isa = PBXFileReference; lastKnownFileType = sourcecode.swift; path = ATGValidatorTests.swift; sourceTree = "<group>"; };
		964F78172136B750004A6017 /* Info.plist */ = {isa = PBXFileReference; lastKnownFileType = text.plist.xml; path = Info.plist; sourceTree = "<group>"; };
		9652448F213E80E800EE298B /* UITextView+ATGValidator.swift */ = {isa = PBXFileReference; lastKnownFileType = sourcecode.swift; path = "UITextView+ATGValidator.swift"; sourceTree = "<group>"; };
		96524493213EAFFD00EE298B /* EqualityRule.swift */ = {isa = PBXFileReference; lastKnownFileType = sourcecode.swift; path = EqualityRule.swift; sourceTree = "<group>"; };
		96524495213EB1AD00EE298B /* ValidationError.swift */ = {isa = PBXFileReference; lastKnownFileType = sourcecode.swift; path = ValidationError.swift; sourceTree = "<group>"; };
		9652449A213EB7B800EE298B /* RangeRule.swift */ = {isa = PBXFileReference; lastKnownFileType = sourcecode.swift; path = RangeRule.swift; sourceTree = "<group>"; };
		9652449C213EC2F900EE298B /* StringRegexRule.swift */ = {isa = PBXFileReference; lastKnownFileType = sourcecode.swift; path = StringRegexRule.swift; sourceTree = "<group>"; };
		96554D16213807BB0089FF5C /* Result.swift */ = {isa = PBXFileReference; fileEncoding = 4; lastKnownFileType = sourcecode.swift; path = Result.swift; sourceTree = "<group>"; };
		96554D18213807BB0089FF5C /* Rule.swift */ = {isa = PBXFileReference; fileEncoding = 4; lastKnownFileType = sourcecode.swift; path = Rule.swift; sourceTree = "<group>"; };
		96554D1C213807FD0089FF5C /* Validatable.swift */ = {isa = PBXFileReference; fileEncoding = 4; lastKnownFileType = sourcecode.swift; path = Validatable.swift; sourceTree = "<group>"; };
		96554D2F213808A40089FF5C /* StringLengthRule.swift */ = {isa = PBXFileReference; fileEncoding = 4; lastKnownFileType = sourcecode.swift; path = StringLengthRule.swift; sourceTree = "<group>"; };
		96554D33213824C90089FF5C /* ValidatorCache.swift */ = {isa = PBXFileReference; lastKnownFileType = sourcecode.swift; path = ValidatorCache.swift; sourceTree = "<group>"; };
		96554D35213825370089FF5C /* ValidatableInterface.swift */ = {isa = PBXFileReference; lastKnownFileType = sourcecode.swift; path = ValidatableInterface.swift; sourceTree = "<group>"; };
		96554D372138257A0089FF5C /* UITextField+ATGValidator.swift */ = {isa = PBXFileReference; lastKnownFileType = sourcecode.swift; path = "UITextField+ATGValidator.swift"; sourceTree = "<group>"; };
		9658BA17214107B600DADE29 /* CharacterSetRule.swift */ = {isa = PBXFileReference; lastKnownFileType = sourcecode.swift; path = CharacterSetRule.swift; sourceTree = "<group>"; };
		966BD44B214E445500F7CC2A /* StringRegexRuleTests.swift */ = {isa = PBXFileReference; lastKnownFileType = sourcecode.swift; path = StringRegexRuleTests.swift; sourceTree = "<group>"; };
		96D50076214E75FF00F1E60E /* CharacterSetRuleTests.swift */ = {isa = PBXFileReference; lastKnownFileType = sourcecode.swift; path = CharacterSetRuleTests.swift; sourceTree = "<group>"; };
		98955A1D21D20F7D0017499B /* RuleTests.swift */ = {isa = PBXFileReference; lastKnownFileType = sourcecode.swift; path = RuleTests.swift; sourceTree = "<group>"; };
/* End PBXFileReference section */

/* Begin PBXFrameworksBuildPhase section */
		964F78032136B750004A6017 /* Frameworks */ = {
			isa = PBXFrameworksBuildPhase;
			buildActionMask = 2147483647;
			files = (
			);
			runOnlyForDeploymentPostprocessing = 0;
		};
		964F780D2136B750004A6017 /* Frameworks */ = {
			isa = PBXFrameworksBuildPhase;
			buildActionMask = 2147483647;
			files = (
				964F78112136B750004A6017 /* ATGValidator.framework in Frameworks */,
			);
			runOnlyForDeploymentPostprocessing = 0;
		};
/* End PBXFrameworksBuildPhase section */

/* Begin PBXGroup section */
		961B5F072147A98F00067B6E /* Core */ = {
			isa = PBXGroup;
			children = (
				98955A1D21D20F7D0017499B /* RuleTests.swift */,
				961B5F092147A9BD00067B6E /* ResultTests.swift */,
				962B15982147D86E002B9E15 /* ValidatableTests.swift */,
				962B159C2147F8BA002B9E15 /* FormValidatorTests.swift */,
				96295A14214FC527009B20D4 /* PaymentCardTypeTests.swift */,
			);
			path = Core;
			sourceTree = "<group>";
		};
		961B5F082147A98F00067B6E /* Rules */ = {
			isa = PBXGroup;
			children = (
				96248FCB214906AE00FB1D75 /* EqualityRuleTests.swift */,
				96248FCD2149164A00FB1D75 /* RangeRuleTests.swift */,
				96248FCF214919E100FB1D75 /* StringLengthRuleTests.swift */,
				966BD44B214E445500F7CC2A /* StringRegexRuleTests.swift */,
				96D50076214E75FF00F1E60E /* CharacterSetRuleTests.swift */,
				96295A12214FB54E009B20D4 /* StringValueMatchRuleTests.swift */,
				96295A16214FE60A009B20D4 /* PaymentCardRuleTests.swift */,
			);
			path = Rules;
			sourceTree = "<group>";
		};
		964F77FD2136B750004A6017 = {
			isa = PBXGroup;
			children = (
				964F78092136B750004A6017 /* ATGValidator */,
				964F78142136B750004A6017 /* ATGValidatorTests */,
				964F78082136B750004A6017 /* Products */,
			);
			sourceTree = "<group>";
		};
		964F78082136B750004A6017 /* Products */ = {
			isa = PBXGroup;
			children = (
				964F78072136B750004A6017 /* ATGValidator.framework */,
				964F78102136B750004A6017 /* ATGValidatorTests.xctest */,
			);
			name = Products;
			sourceTree = "<group>";
		};
		964F78092136B750004A6017 /* ATGValidator */ = {
			isa = PBXGroup;
			children = (
				96554D15213807BB0089FF5C /* Source */,
				964F780A2136B750004A6017 /* ATGValidator.h */,
				964F780B2136B750004A6017 /* Info.plist */,
			);
			path = ATGValidator;
			sourceTree = "<group>";
		};
		964F78142136B750004A6017 /* ATGValidatorTests */ = {
			isa = PBXGroup;
			children = (
				961B5F072147A98F00067B6E /* Core */,
				961B5F082147A98F00067B6E /* Rules */,
				964F78152136B750004A6017 /* ATGValidatorTests.swift */,
				964F78172136B750004A6017 /* Info.plist */,
			);
			path = ATGValidatorTests;
			sourceTree = "<group>";
		};
		96524492213EAFEB00EE298B /* Generic */ = {
			isa = PBXGroup;
			children = (
				96524493213EAFFD00EE298B /* EqualityRule.swift */,
				9652449A213EB7B800EE298B /* RangeRule.swift */,
			);
			path = Generic;
			sourceTree = "<group>";
		};
		96554D15213807BB0089FF5C /* Source */ = {
			isa = PBXGroup;
			children = (
				96554D17213807BB0089FF5C /* Rules */,
				96554D32213824B50089FF5C /* ValidatableInterface */,
				96554D16213807BB0089FF5C /* Result.swift */,
				96524495213EB1AD00EE298B /* ValidationError.swift */,
				96554D1C213807FD0089FF5C /* Validatable.swift */,
			);
			path = Source;
			sourceTree = "<group>";
		};
		96554D17213807BB0089FF5C /* Rules */ = {
			isa = PBXGroup;
			children = (
				96524492213EAFEB00EE298B /* Generic */,
				96554D2B213808710089FF5C /* String */,
				96554D18213807BB0089FF5C /* Rule.swift */,
			);
			path = Rules;
			sourceTree = "<group>";
		};
		96554D2B213808710089FF5C /* String */ = {
			isa = PBXGroup;
			children = (
				96554D2F213808A40089FF5C /* StringLengthRule.swift */,
				9652449C213EC2F900EE298B /* StringRegexRule.swift */,
				9658BA17214107B600DADE29 /* CharacterSetRule.swift */,
				961F547D213F9FC600665150 /* StringValueMatchRule.swift */,
				961F547F213FB35700665150 /* PaymentCardRule.swift */,
				961F548121400F6900665150 /* PaymentCardType.swift */,
			);
			path = String;
			sourceTree = "<group>";
		};
		96554D32213824B50089FF5C /* ValidatableInterface */ = {
			isa = PBXGroup;
			children = (
				96554D33213824C90089FF5C /* ValidatorCache.swift */,
				96554D35213825370089FF5C /* ValidatableInterface.swift */,
				96554D372138257A0089FF5C /* UITextField+ATGValidator.swift */,
				9652448F213E80E800EE298B /* UITextView+ATGValidator.swift */,
				9625E935213D2813003FB353 /* FormValidator.swift */,
			);
			path = ValidatableInterface;
			sourceTree = "<group>";
		};
/* End PBXGroup section */

/* Begin PBXHeadersBuildPhase section */
		964F78042136B750004A6017 /* Headers */ = {
			isa = PBXHeadersBuildPhase;
			buildActionMask = 2147483647;
			files = (
				964F78182136B750004A6017 /* ATGValidator.h in Headers */,
			);
			runOnlyForDeploymentPostprocessing = 0;
		};
/* End PBXHeadersBuildPhase section */

/* Begin PBXNativeTarget section */
		964F78062136B750004A6017 /* ATGValidator */ = {
			isa = PBXNativeTarget;
			buildConfigurationList = 964F781B2136B750004A6017 /* Build configuration list for PBXNativeTarget "ATGValidator" */;
			buildPhases = (
				964F78022136B750004A6017 /* Sources */,
				964F78032136B750004A6017 /* Frameworks */,
				964F78042136B750004A6017 /* Headers */,
				964F78052136B750004A6017 /* Resources */,
				964F78212136B989004A6017 /* SwiftLint */,
			);
			buildRules = (
			);
			dependencies = (
			);
			name = ATGValidator;
			productName = ATGValidator;
			productReference = 964F78072136B750004A6017 /* ATGValidator.framework */;
			productType = "com.apple.product-type.framework";
		};
		964F780F2136B750004A6017 /* ATGValidatorTests */ = {
			isa = PBXNativeTarget;
			buildConfigurationList = 964F781E2136B750004A6017 /* Build configuration list for PBXNativeTarget "ATGValidatorTests" */;
			buildPhases = (
				964F780C2136B750004A6017 /* Sources */,
				964F780D2136B750004A6017 /* Frameworks */,
				964F780E2136B750004A6017 /* Resources */,
			);
			buildRules = (
			);
			dependencies = (
				964F78132136B750004A6017 /* PBXTargetDependency */,
			);
			name = ATGValidatorTests;
			productName = ATGValidatorTests;
			productReference = 964F78102136B750004A6017 /* ATGValidatorTests.xctest */;
			productType = "com.apple.product-type.bundle.unit-test";
		};
/* End PBXNativeTarget section */

/* Begin PBXProject section */
		964F77FE2136B750004A6017 /* Project object */ = {
			isa = PBXProject;
			attributes = {
				LastSwiftUpdateCheck = 0940;
				LastUpgradeCheck = 0940;
				ORGANIZATIONNAME = "Al Tayer Group LLC";
				TargetAttributes = {
					964F78062136B750004A6017 = {
						CreatedOnToolsVersion = 9.4.1;
						LastSwiftMigration = 1100;
					};
					964F780F2136B750004A6017 = {
						CreatedOnToolsVersion = 9.4.1;
						LastSwiftMigration = 1100;
					};
				};
			};
			buildConfigurationList = 964F78012136B750004A6017 /* Build configuration list for PBXProject "ATGValidator" */;
			compatibilityVersion = "Xcode 9.3";
			developmentRegion = en;
			hasScannedForEncodings = 0;
			knownRegions = (
				en,
				Base,
			);
			mainGroup = 964F77FD2136B750004A6017;
			productRefGroup = 964F78082136B750004A6017 /* Products */;
			projectDirPath = "";
			projectRoot = "";
			targets = (
				964F78062136B750004A6017 /* ATGValidator */,
				964F780F2136B750004A6017 /* ATGValidatorTests */,
			);
		};
/* End PBXProject section */

/* Begin PBXResourcesBuildPhase section */
		964F78052136B750004A6017 /* Resources */ = {
			isa = PBXResourcesBuildPhase;
			buildActionMask = 2147483647;
			files = (
			);
			runOnlyForDeploymentPostprocessing = 0;
		};
		964F780E2136B750004A6017 /* Resources */ = {
			isa = PBXResourcesBuildPhase;
			buildActionMask = 2147483647;
			files = (
			);
			runOnlyForDeploymentPostprocessing = 0;
		};
/* End PBXResourcesBuildPhase section */

/* Begin PBXShellScriptBuildPhase section */
		964F78212136B989004A6017 /* SwiftLint */ = {
			isa = PBXShellScriptBuildPhase;
			buildActionMask = 2147483647;
			files = (
			);
			inputPaths = (
			);
			name = SwiftLint;
			outputPaths = (
			);
			runOnlyForDeploymentPostprocessing = 0;
			shellPath = /bin/sh;
			shellScript = "if which swiftlint >/dev/null; then\nswiftlint\nelse\necho \"warning: SwiftLint not installed, download from https://github.com/realm/SwiftLint\"\nfi";
		};
/* End PBXShellScriptBuildPhase section */

/* Begin PBXSourcesBuildPhase section */
		964F78022136B750004A6017 /* Sources */ = {
			isa = PBXSourcesBuildPhase;
			buildActionMask = 2147483647;
			files = (
				9652449B213EB7B800EE298B /* RangeRule.swift in Sources */,
				9658BA18214107B600DADE29 /* CharacterSetRule.swift in Sources */,
				9625E936213D2813003FB353 /* FormValidator.swift in Sources */,
				961F547E213F9FC600665150 /* StringValueMatchRule.swift in Sources */,
				96554D30213808A40089FF5C /* StringLengthRule.swift in Sources */,
				96554D36213825370089FF5C /* ValidatableInterface.swift in Sources */,
				96524496213EB1AD00EE298B /* ValidationError.swift in Sources */,
				96524490213E80E800EE298B /* UITextView+ATGValidator.swift in Sources */,
				96554D34213824C90089FF5C /* ValidatorCache.swift in Sources */,
				96554D1E213807FD0089FF5C /* Validatable.swift in Sources */,
				96554D19213807BB0089FF5C /* Result.swift in Sources */,
				961F548221400F6900665150 /* PaymentCardType.swift in Sources */,
				96554D1A213807BB0089FF5C /* Rule.swift in Sources */,
				96554D382138257A0089FF5C /* UITextField+ATGValidator.swift in Sources */,
				9652449D213EC2F900EE298B /* StringRegexRule.swift in Sources */,
				96524494213EAFFD00EE298B /* EqualityRule.swift in Sources */,
				961F5480213FB35700665150 /* PaymentCardRule.swift in Sources */,
			);
			runOnlyForDeploymentPostprocessing = 0;
		};
		964F780C2136B750004A6017 /* Sources */ = {
			isa = PBXSourcesBuildPhase;
			buildActionMask = 2147483647;
			files = (
				96D50077214E75FF00F1E60E /* CharacterSetRuleTests.swift in Sources */,
				962B159D2147F8BA002B9E15 /* FormValidatorTests.swift in Sources */,
				98955A1E21D20F7D0017499B /* RuleTests.swift in Sources */,
				96248FCC214906AE00FB1D75 /* EqualityRuleTests.swift in Sources */,
				966BD44C214E445500F7CC2A /* StringRegexRuleTests.swift in Sources */,
				96248FD0214919E100FB1D75 /* StringLengthRuleTests.swift in Sources */,
				962B15992147D86E002B9E15 /* ValidatableTests.swift in Sources */,
				96248FCE2149164A00FB1D75 /* RangeRuleTests.swift in Sources */,
				961B5F0A2147A9BD00067B6E /* ResultTests.swift in Sources */,
				96295A17214FE60A009B20D4 /* PaymentCardRuleTests.swift in Sources */,
				96295A13214FB54E009B20D4 /* StringValueMatchRuleTests.swift in Sources */,
				964F78162136B750004A6017 /* ATGValidatorTests.swift in Sources */,
				96295A15214FC527009B20D4 /* PaymentCardTypeTests.swift in Sources */,
			);
			runOnlyForDeploymentPostprocessing = 0;
		};
/* End PBXSourcesBuildPhase section */

/* Begin PBXTargetDependency section */
		964F78132136B750004A6017 /* PBXTargetDependency */ = {
			isa = PBXTargetDependency;
			target = 964F78062136B750004A6017 /* ATGValidator */;
			targetProxy = 964F78122136B750004A6017 /* PBXContainerItemProxy */;
		};
/* End PBXTargetDependency section */

/* Begin XCBuildConfiguration section */
		964F78192136B750004A6017 /* Debug */ = {
			isa = XCBuildConfiguration;
			buildSettings = {
				ALWAYS_SEARCH_USER_PATHS = NO;
				CLANG_ANALYZER_NONNULL = YES;
				CLANG_ANALYZER_NUMBER_OBJECT_CONVERSION = YES_AGGRESSIVE;
				CLANG_CXX_LANGUAGE_STANDARD = "gnu++14";
				CLANG_CXX_LIBRARY = "libc++";
				CLANG_ENABLE_MODULES = YES;
				CLANG_ENABLE_OBJC_ARC = YES;
				CLANG_ENABLE_OBJC_WEAK = YES;
				CLANG_WARN_BLOCK_CAPTURE_AUTORELEASING = YES;
				CLANG_WARN_BOOL_CONVERSION = YES;
				CLANG_WARN_COMMA = YES;
				CLANG_WARN_CONSTANT_CONVERSION = YES;
				CLANG_WARN_DEPRECATED_OBJC_IMPLEMENTATIONS = YES;
				CLANG_WARN_DIRECT_OBJC_ISA_USAGE = YES_ERROR;
				CLANG_WARN_DOCUMENTATION_COMMENTS = YES;
				CLANG_WARN_EMPTY_BODY = YES;
				CLANG_WARN_ENUM_CONVERSION = YES;
				CLANG_WARN_INFINITE_RECURSION = YES;
				CLANG_WARN_INT_CONVERSION = YES;
				CLANG_WARN_NON_LITERAL_NULL_CONVERSION = YES;
				CLANG_WARN_OBJC_IMPLICIT_RETAIN_SELF = YES;
				CLANG_WARN_OBJC_LITERAL_CONVERSION = YES;
				CLANG_WARN_OBJC_ROOT_CLASS = YES_ERROR;
				CLANG_WARN_RANGE_LOOP_ANALYSIS = YES;
				CLANG_WARN_STRICT_PROTOTYPES = YES;
				CLANG_WARN_SUSPICIOUS_MOVE = YES;
				CLANG_WARN_UNGUARDED_AVAILABILITY = YES_AGGRESSIVE;
				CLANG_WARN_UNREACHABLE_CODE = YES;
				CLANG_WARN__DUPLICATE_METHOD_MATCH = YES;
				CODE_SIGN_IDENTITY = "iPhone Developer";
				COPY_PHASE_STRIP = NO;
				CURRENT_PROJECT_VERSION = 1.3.0;
				DEBUG_INFORMATION_FORMAT = dwarf;
				ENABLE_STRICT_OBJC_MSGSEND = YES;
				ENABLE_TESTABILITY = YES;
				GCC_C_LANGUAGE_STANDARD = gnu11;
				GCC_DYNAMIC_NO_PIC = NO;
				GCC_NO_COMMON_BLOCKS = YES;
				GCC_OPTIMIZATION_LEVEL = 0;
				GCC_PREPROCESSOR_DEFINITIONS = (
					"DEBUG=1",
					"$(inherited)",
				);
				GCC_WARN_64_TO_32_BIT_CONVERSION = YES;
				GCC_WARN_ABOUT_RETURN_TYPE = YES_ERROR;
				GCC_WARN_UNDECLARED_SELECTOR = YES;
				GCC_WARN_UNINITIALIZED_AUTOS = YES_AGGRESSIVE;
				GCC_WARN_UNUSED_FUNCTION = YES;
				GCC_WARN_UNUSED_VARIABLE = YES;
				IPHONEOS_DEPLOYMENT_TARGET = 8.0;
				MTL_ENABLE_DEBUG_INFO = YES;
				ONLY_ACTIVE_ARCH = YES;
				SDKROOT = iphoneos;
				SWIFT_ACTIVE_COMPILATION_CONDITIONS = DEBUG;
				SWIFT_OPTIMIZATION_LEVEL = "-Onone";
				VERSIONING_SYSTEM = "apple-generic";
				VERSION_INFO_PREFIX = "";
			};
			name = Debug;
		};
		964F781A2136B750004A6017 /* Release */ = {
			isa = XCBuildConfiguration;
			buildSettings = {
				ALWAYS_SEARCH_USER_PATHS = NO;
				CLANG_ANALYZER_NONNULL = YES;
				CLANG_ANALYZER_NUMBER_OBJECT_CONVERSION = YES_AGGRESSIVE;
				CLANG_CXX_LANGUAGE_STANDARD = "gnu++14";
				CLANG_CXX_LIBRARY = "libc++";
				CLANG_ENABLE_MODULES = YES;
				CLANG_ENABLE_OBJC_ARC = YES;
				CLANG_ENABLE_OBJC_WEAK = YES;
				CLANG_WARN_BLOCK_CAPTURE_AUTORELEASING = YES;
				CLANG_WARN_BOOL_CONVERSION = YES;
				CLANG_WARN_COMMA = YES;
				CLANG_WARN_CONSTANT_CONVERSION = YES;
				CLANG_WARN_DEPRECATED_OBJC_IMPLEMENTATIONS = YES;
				CLANG_WARN_DIRECT_OBJC_ISA_USAGE = YES_ERROR;
				CLANG_WARN_DOCUMENTATION_COMMENTS = YES;
				CLANG_WARN_EMPTY_BODY = YES;
				CLANG_WARN_ENUM_CONVERSION = YES;
				CLANG_WARN_INFINITE_RECURSION = YES;
				CLANG_WARN_INT_CONVERSION = YES;
				CLANG_WARN_NON_LITERAL_NULL_CONVERSION = YES;
				CLANG_WARN_OBJC_IMPLICIT_RETAIN_SELF = YES;
				CLANG_WARN_OBJC_LITERAL_CONVERSION = YES;
				CLANG_WARN_OBJC_ROOT_CLASS = YES_ERROR;
				CLANG_WARN_RANGE_LOOP_ANALYSIS = YES;
				CLANG_WARN_STRICT_PROTOTYPES = YES;
				CLANG_WARN_SUSPICIOUS_MOVE = YES;
				CLANG_WARN_UNGUARDED_AVAILABILITY = YES_AGGRESSIVE;
				CLANG_WARN_UNREACHABLE_CODE = YES;
				CLANG_WARN__DUPLICATE_METHOD_MATCH = YES;
				CODE_SIGN_IDENTITY = "iPhone Developer";
				COPY_PHASE_STRIP = NO;
				CURRENT_PROJECT_VERSION = 1.3.0;
				DEBUG_INFORMATION_FORMAT = "dwarf-with-dsym";
				ENABLE_NS_ASSERTIONS = NO;
				ENABLE_STRICT_OBJC_MSGSEND = YES;
				GCC_C_LANGUAGE_STANDARD = gnu11;
				GCC_NO_COMMON_BLOCKS = YES;
				GCC_WARN_64_TO_32_BIT_CONVERSION = YES;
				GCC_WARN_ABOUT_RETURN_TYPE = YES_ERROR;
				GCC_WARN_UNDECLARED_SELECTOR = YES;
				GCC_WARN_UNINITIALIZED_AUTOS = YES_AGGRESSIVE;
				GCC_WARN_UNUSED_FUNCTION = YES;
				GCC_WARN_UNUSED_VARIABLE = YES;
				IPHONEOS_DEPLOYMENT_TARGET = 8.0;
				MTL_ENABLE_DEBUG_INFO = NO;
				SDKROOT = iphoneos;
				SWIFT_COMPILATION_MODE = wholemodule;
				SWIFT_OPTIMIZATION_LEVEL = "-O";
				VALIDATE_PRODUCT = YES;
				VERSIONING_SYSTEM = "apple-generic";
				VERSION_INFO_PREFIX = "";
			};
			name = Release;
		};
		964F781C2136B750004A6017 /* Debug */ = {
			isa = XCBuildConfiguration;
			buildSettings = {
				CODE_SIGN_IDENTITY = "";
				CODE_SIGN_STYLE = Automatic;
				DEFINES_MODULE = YES;
				DYLIB_COMPATIBILITY_VERSION = 1;
				DYLIB_CURRENT_VERSION = 1;
				DYLIB_INSTALL_NAME_BASE = "@rpath";
				INFOPLIST_FILE = ATGValidator/Info.plist;
				INSTALL_PATH = "$(LOCAL_LIBRARY_DIR)/Frameworks";
				LD_RUNPATH_SEARCH_PATHS = (
					"$(inherited)",
					"@executable_path/Frameworks",
					"@loader_path/Frameworks",
				);
				PRODUCT_BUNDLE_IDENTIFIER = com.atg.ATGValidator;
				PRODUCT_NAME = "$(TARGET_NAME:c99extidentifier)";
				SKIP_INSTALL = YES;
				SWIFT_VERSION = 5.0;
				TARGETED_DEVICE_FAMILY = "1,2";
			};
			name = Debug;
		};
		964F781D2136B750004A6017 /* Release */ = {
			isa = XCBuildConfiguration;
			buildSettings = {
				CODE_SIGN_IDENTITY = "";
				CODE_SIGN_STYLE = Automatic;
				DEFINES_MODULE = YES;
				DYLIB_COMPATIBILITY_VERSION = 1;
				DYLIB_CURRENT_VERSION = 1;
				DYLIB_INSTALL_NAME_BASE = "@rpath";
				INFOPLIST_FILE = ATGValidator/Info.plist;
				INSTALL_PATH = "$(LOCAL_LIBRARY_DIR)/Frameworks";
				LD_RUNPATH_SEARCH_PATHS = (
					"$(inherited)",
					"@executable_path/Frameworks",
					"@loader_path/Frameworks",
				);
				PRODUCT_BUNDLE_IDENTIFIER = com.atg.ATGValidator;
				PRODUCT_NAME = "$(TARGET_NAME:c99extidentifier)";
				SKIP_INSTALL = YES;
				SWIFT_VERSION = 5.0;
				TARGETED_DEVICE_FAMILY = "1,2";
			};
			name = Release;
		};
		964F781F2136B750004A6017 /* Debug */ = {
			isa = XCBuildConfiguration;
			buildSettings = {
				ALWAYS_EMBED_SWIFT_STANDARD_LIBRARIES = YES;
				CODE_SIGN_STYLE = Automatic;
				INFOPLIST_FILE = ATGValidatorTests/Info.plist;
				LD_RUNPATH_SEARCH_PATHS = (
					"$(inherited)",
					"@executable_path/Frameworks",
					"@loader_path/Frameworks",
				);
				PRODUCT_BUNDLE_IDENTIFIER = com.atg.ATGValidatorTests;
				PRODUCT_NAME = "$(TARGET_NAME)";
				SWIFT_VERSION = 5.0;
				TARGETED_DEVICE_FAMILY = "1,2";
			};
			name = Debug;
		};
		964F78202136B750004A6017 /* Release */ = {
			isa = XCBuildConfiguration;
			buildSettings = {
				ALWAYS_EMBED_SWIFT_STANDARD_LIBRARIES = YES;
				CODE_SIGN_STYLE = Automatic;
				INFOPLIST_FILE = ATGValidatorTests/Info.plist;
				LD_RUNPATH_SEARCH_PATHS = (
					"$(inherited)",
					"@executable_path/Frameworks",
					"@loader_path/Frameworks",
				);
				PRODUCT_BUNDLE_IDENTIFIER = com.atg.ATGValidatorTests;
				PRODUCT_NAME = "$(TARGET_NAME)";
				SWIFT_VERSION = 5.0;
				TARGETED_DEVICE_FAMILY = "1,2";
			};
			name = Release;
		};
/* End XCBuildConfiguration section */

/* Begin XCConfigurationList section */
		964F78012136B750004A6017 /* Build configuration list for PBXProject "ATGValidator" */ = {
			isa = XCConfigurationList;
			buildConfigurations = (
				964F78192136B750004A6017 /* Debug */,
				964F781A2136B750004A6017 /* Release */,
			);
			defaultConfigurationIsVisible = 0;
			defaultConfigurationName = Release;
		};
		964F781B2136B750004A6017 /* Build configuration list for PBXNativeTarget "ATGValidator" */ = {
			isa = XCConfigurationList;
			buildConfigurations = (
				964F781C2136B750004A6017 /* Debug */,
				964F781D2136B750004A6017 /* Release */,
			);
			defaultConfigurationIsVisible = 0;
			defaultConfigurationName = Release;
		};
		964F781E2136B750004A6017 /* Build configuration list for PBXNativeTarget "ATGValidatorTests" */ = {
			isa = XCConfigurationList;
			buildConfigurations = (
				964F781F2136B750004A6017 /* Debug */,
				964F78202136B750004A6017 /* Release */,
			);
			defaultConfigurationIsVisible = 0;
			defaultConfigurationName = Release;
		};
/* End XCConfigurationList section */
	};
	rootObject = 964F77FE2136B750004A6017 /* Project object */;
}
